
Microsoft Visual Studio Solution File, Format Version 12.00
# Visual Studio Version 17
VisualStudioVersion = 17.0.31903.59
MinimumVisualStudioVersion = 10.0.40219.1
Project("{2150E333-8FDC-42A3-9474-1A3956D46DE8}") = "mergeStringsAlternately", "mergeStringsAlternately", "{6AA4A244-B8B0-41BC-99DF-7DA6DD886B20}"
EndProject
Project("{FAE04EC0-301F-11D3-BF4B-00C04F79EFBC}") = "Project", "mergeStringsAlternately\Project\Project.csproj", "{61563968-0135-4DCB-882F-B94E862831FB}"
EndProject
Project("{FAE04EC0-301F-11D3-BF4B-00C04F79EFBC}") = "Tests", "MergeStringsAlternately\Tests\Tests.csproj", "{7F64332D-DF04-4EA4-8D43-AF2B30A10AC2}"
EndProject
Global
	GlobalSection(SolutionConfigurationPlatforms) = preSolution
		Debug|Any CPU = Debug|Any CPU
		Release|Any CPU = Release|Any CPU
	EndGlobalSection
	GlobalSection(SolutionProperties) = preSolution
		HideSolutionNode = FALSE
	EndGlobalSection
	GlobalSection(ProjectConfigurationPlatforms) = postSolution
		{61563968-0135-4DCB-882F-B94E862831FB}.Debug|Any CPU.ActiveCfg = Debug|Any CPU
		{61563968-0135-4DCB-882F-B94E862831FB}.Debug|Any CPU.Build.0 = Debug|Any CPU
		{61563968-0135-4DCB-882F-B94E862831FB}.Release|Any CPU.ActiveCfg = Release|Any CPU
		{61563968-0135-4DCB-882F-B94E862831FB}.Release|Any CPU.Build.0 = Release|Any CPU
		{7F64332D-DF04-4EA4-8D43-AF2B30A10AC2}.Debug|Any CPU.ActiveCfg = Debug|Any CPU
		{7F64332D-DF04-4EA4-8D43-AF2B30A10AC2}.Debug|Any CPU.Build.0 = Debug|Any CPU
		{7F64332D-DF04-4EA4-8D43-AF2B30A10AC2}.Release|Any CPU.ActiveCfg = Release|Any CPU
		{7F64332D-DF04-4EA4-8D43-AF2B30A10AC2}.Release|Any CPU.Build.0 = Release|Any CPU
	EndGlobalSection
	GlobalSection(NestedProjects) = preSolution
		{61563968-0135-4DCB-882F-B94E862831FB} = {6AA4A244-B8B0-41BC-99DF-7DA6DD886B20}
		{7F64332D-DF04-4EA4-8D43-AF2B30A10AC2} = {6AA4A244-B8B0-41BC-99DF-7DA6DD886B20}
	EndGlobalSection
EndGlobal
